
Microsoft Visual Studio Solution File, Format Version 12.00
# Visual Studio Version 16
VisualStudioVersion = 16.0.30611.23
MinimumVisualStudioVersion = 10.0.40219.1
Project("{FAE04EC0-301F-11D3-BF4B-00C04F79EFBC}") = "NotYummyAnime", "NotYummyAnime\NotYummyAnime.csproj", "{07905086-E6BC-4A50-A23A-395FE13C70D0}"
EndProject
Global
	GlobalSection(SolutionConfigurationPlatforms) = preSolution
		Debug|Any CPU = Debug|Any CPU
		Release|Any CPU = Release|Any CPU
	EndGlobalSection
	GlobalSection(ProjectConfigurationPlatforms) = postSolution
		{07905086-E6BC-4A50-A23A-395FE13C70D0}.Debug|Any CPU.ActiveCfg = Debug|Any CPU
		{07905086-E6BC-4A50-A23A-395FE13C70D0}.Debug|Any CPU.Build.0 = Debug|Any CPU
		{07905086-E6BC-4A50-A23A-395FE13C70D0}.Release|Any CPU.ActiveCfg = Release|Any CPU
		{07905086-E6BC-4A50-A23A-395FE13C70D0}.Release|Any CPU.Build.0 = Release|Any CPU
	EndGlobalSection
	GlobalSection(SolutionProperties) = preSolution
		HideSolutionNode = FALSE
	EndGlobalSection
	GlobalSection(ExtensibilityGlobals) = postSolution
		SolutionGuid = {723FA9BD-C03B-4D60-9E94-9660D38EC3A0}
	EndGlobalSection
EndGlobal
